
Microsoft Visual Studio Solution File, Format Version 12.00
# Visual Studio 15
Project("{FAE04EC0-301F-11D3-BF4B-00C04F79EFBC}") = "ToDo.MvcClientApp", "ToDo.MvcClientApp.csproj", "{22E1A9C0-C7B6-4579-B766-9C3EBFC8DF1D}"
EndProject
Project("{FAE04EC0-301F-11D3-BF4B-00C04F79EFBC}") = "Microsoft.Identity.Web", "..\Microsoft.Identity.Web\Microsoft.Identity.Web.csproj", "{F3A0825A-6A10-4659-8F71-2FADBE9A0006}"
EndProject
Project("{FAE04EC0-301F-11D3-BF4B-00C04F79EFBC}") = "Microsoft.Identity.Web.Test", "..\Microsoft.Identity.Web.Test\Microsoft.Identity.Web.Test.csproj", "{ED77DE69-8FE2-484E-976D-34E82D0047B0}"
EndProject
Project("{FAE04EC0-301F-11D3-BF4B-00C04F79EFBC}") = "ToDo.MvcClientApp.Test", "ToDo.MvcClientApp.Test\ToDo.MvcClientApp.Test.csproj", "{EB7B1AEC-9B34-4673-90A4-916EE21716B4}"
EndProject
Global
	GlobalSection(SolutionConfigurationPlatforms) = preSolution
		Debug|Any CPU = Debug|Any CPU
		Release|Any CPU = Release|Any CPU
	EndGlobalSection
	GlobalSection(ProjectConfigurationPlatforms) = postSolution
		{22E1A9C0-C7B6-4579-B766-9C3EBFC8DF1D}.Debug|Any CPU.ActiveCfg = Debug|Any CPU
		{22E1A9C0-C7B6-4579-B766-9C3EBFC8DF1D}.Debug|Any CPU.Build.0 = Debug|Any CPU
		{22E1A9C0-C7B6-4579-B766-9C3EBFC8DF1D}.Release|Any CPU.ActiveCfg = Release|Any CPU
		{22E1A9C0-C7B6-4579-B766-9C3EBFC8DF1D}.Release|Any CPU.Build.0 = Release|Any CPU
		{F3A0825A-6A10-4659-8F71-2FADBE9A0006}.Debug|Any CPU.ActiveCfg = Debug|Any CPU
		{F3A0825A-6A10-4659-8F71-2FADBE9A0006}.Debug|Any CPU.Build.0 = Debug|Any CPU
		{F3A0825A-6A10-4659-8F71-2FADBE9A0006}.Release|Any CPU.ActiveCfg = Release|Any CPU
		{F3A0825A-6A10-4659-8F71-2FADBE9A0006}.Release|Any CPU.Build.0 = Release|Any CPU
		{ED77DE69-8FE2-484E-976D-34E82D0047B0}.Debug|Any CPU.ActiveCfg = Debug|Any CPU
		{ED77DE69-8FE2-484E-976D-34E82D0047B0}.Debug|Any CPU.Build.0 = Debug|Any CPU
		{ED77DE69-8FE2-484E-976D-34E82D0047B0}.Release|Any CPU.ActiveCfg = Release|Any CPU
		{ED77DE69-8FE2-484E-976D-34E82D0047B0}.Release|Any CPU.Build.0 = Release|Any CPU
		{EB7B1AEC-9B34-4673-90A4-916EE21716B4}.Debug|Any CPU.ActiveCfg = Debug|Any CPU
		{EB7B1AEC-9B34-4673-90A4-916EE21716B4}.Debug|Any CPU.Build.0 = Debug|Any CPU
		{EB7B1AEC-9B34-4673-90A4-916EE21716B4}.Release|Any CPU.ActiveCfg = Release|Any CPU
		{EB7B1AEC-9B34-4673-90A4-916EE21716B4}.Release|Any CPU.Build.0 = Release|Any CPU
	EndGlobalSection
EndGlobal
